
Microsoft Visual Studio Solution File, Format Version 12.00
# Visual Studio Version 16
VisualStudioVersion = 16.0.30717.126
MinimumVisualStudioVersion = 10.0.40219.1
Project("{FAE04EC0-301F-11D3-BF4B-00C04F79EFBC}") = "CursoBasicoCSharp", "CursoBasicoCSharp.csproj", "{12EB55D6-F1E0-4BB1-A6DA-88311E8FD8E6}"
EndProject
Global
	GlobalSection(SolutionConfigurationPlatforms) = preSolution
		Debug|Any CPU = Debug|Any CPU
		Release|Any CPU = Release|Any CPU
	EndGlobalSection
	GlobalSection(ProjectConfigurationPlatforms) = postSolution
		{12EB55D6-F1E0-4BB1-A6DA-88311E8FD8E6}.Debug|Any CPU.ActiveCfg = Debug|Any CPU
		{12EB55D6-F1E0-4BB1-A6DA-88311E8FD8E6}.Debug|Any CPU.Build.0 = Debug|Any CPU
		{12EB55D6-F1E0-4BB1-A6DA-88311E8FD8E6}.Release|Any CPU.ActiveCfg = Release|Any CPU
		{12EB55D6-F1E0-4BB1-A6DA-88311E8FD8E6}.Release|Any CPU.Build.0 = Release|Any CPU
	EndGlobalSection
	GlobalSection(SolutionProperties) = preSolution
		HideSolutionNode = FALSE
	EndGlobalSection
	GlobalSection(ExtensibilityGlobals) = postSolution
		SolutionGuid = {0EB0D0CB-D95D-4F19-9A70-0A87E9689D16}
	EndGlobalSection
EndGlobal
